
Microsoft Visual Studio Solution File, Format Version 12.00
# Visual Studio Version 17
VisualStudioVersion = 17.5.33530.505
MinimumVisualStudioVersion = 10.0.40219.1
Project("{FAE04EC0-301F-11D3-BF4B-00C04F79EFBC}") = "CSDesktopApp.WinForm,LaboratoryWork1-3-InheritForm", "CSDesktopApp.WinForm,LaboratoryWork1-3-InheritForm\CSDesktopApp.WinForm,LaboratoryWork1-3-InheritForm.csproj", "{2A7B4A3E-9FAB-4123-B7E4-2CF789FB56C8}"
EndProject
Global
	GlobalSection(SolutionConfigurationPlatforms) = preSolution
		Debug|Any CPU = Debug|Any CPU
		Release|Any CPU = Release|Any CPU
	EndGlobalSection
	GlobalSection(ProjectConfigurationPlatforms) = postSolution
		{2A7B4A3E-9FAB-4123-B7E4-2CF789FB56C8}.Debug|Any CPU.ActiveCfg = Debug|Any CPU
		{2A7B4A3E-9FAB-4123-B7E4-2CF789FB56C8}.Debug|Any CPU.Build.0 = Debug|Any CPU
		{2A7B4A3E-9FAB-4123-B7E4-2CF789FB56C8}.Release|Any CPU.ActiveCfg = Release|Any CPU
		{2A7B4A3E-9FAB-4123-B7E4-2CF789FB56C8}.Release|Any CPU.Build.0 = Release|Any CPU
	EndGlobalSection
	GlobalSection(SolutionProperties) = preSolution
		HideSolutionNode = FALSE
	EndGlobalSection
	GlobalSection(ExtensibilityGlobals) = postSolution
		SolutionGuid = {142242CF-5585-40C7-AA44-A670F63A70F1}
	EndGlobalSection
EndGlobal
