
Microsoft Visual Studio Solution File, Format Version 12.00
# Visual Studio Version 17
VisualStudioVersion = 17.9.34728.123
MinimumVisualStudioVersion = 10.0.40219.1
Project("{FAE04EC0-301F-11D3-BF4B-00C04F79EFBC}") = "CSConsoleApp.LaboratoryWork-2-2-StructType", "CSConsoleApp.LaboratoryWork-2-2-StructType.csproj", "{4577C0B0-2D73-40C2-944C-AE54A1A67C60}"
EndProject
Global
	GlobalSection(SolutionConfigurationPlatforms) = preSolution
		Debug|Any CPU = Debug|Any CPU
		Release|Any CPU = Release|Any CPU
	EndGlobalSection
	GlobalSection(ProjectConfigurationPlatforms) = postSolution
		{4577C0B0-2D73-40C2-944C-AE54A1A67C60}.Debug|Any CPU.ActiveCfg = Debug|Any CPU
		{4577C0B0-2D73-40C2-944C-AE54A1A67C60}.Debug|Any CPU.Build.0 = Debug|Any CPU
		{4577C0B0-2D73-40C2-944C-AE54A1A67C60}.Release|Any CPU.ActiveCfg = Release|Any CPU
		{4577C0B0-2D73-40C2-944C-AE54A1A67C60}.Release|Any CPU.Build.0 = Release|Any CPU
	EndGlobalSection
	GlobalSection(SolutionProperties) = preSolution
		HideSolutionNode = FALSE
	EndGlobalSection
	GlobalSection(ExtensibilityGlobals) = postSolution
		SolutionGuid = {93113B5F-EF07-4550-BAF2-C8756D632001}
	EndGlobalSection
EndGlobal
