
Microsoft Visual Studio Solution File, Format Version 12.00
# Visual Studio Version 17
VisualStudioVersion = 17.9.34728.123
MinimumVisualStudioVersion = 10.0.40219.1
Project("{FAE04EC0-301F-11D3-BF4B-00C04F79EFBC}") = "CSDesktopApp.WinForm,LaboratoryWork2-2-ListBox", "CSDesktopApp.WinForm,LaboratoryWork2-2-ListBox\CSDesktopApp.WinForm,LaboratoryWork2-2-ListBox.csproj", "{74D1E48B-C91D-4507-8A92-3E03CD71CBDA}"
EndProject
Global
	GlobalSection(SolutionConfigurationPlatforms) = preSolution
		Debug|Any CPU = Debug|Any CPU
		Release|Any CPU = Release|Any CPU
	EndGlobalSection
	GlobalSection(ProjectConfigurationPlatforms) = postSolution
		{74D1E48B-C91D-4507-8A92-3E03CD71CBDA}.Debug|Any CPU.ActiveCfg = Debug|Any CPU
		{74D1E48B-C91D-4507-8A92-3E03CD71CBDA}.Debug|Any CPU.Build.0 = Debug|Any CPU
		{74D1E48B-C91D-4507-8A92-3E03CD71CBDA}.Release|Any CPU.ActiveCfg = Release|Any CPU
		{74D1E48B-C91D-4507-8A92-3E03CD71CBDA}.Release|Any CPU.Build.0 = Release|Any CPU
	EndGlobalSection
	GlobalSection(SolutionProperties) = preSolution
		HideSolutionNode = FALSE
	EndGlobalSection
	GlobalSection(ExtensibilityGlobals) = postSolution
		SolutionGuid = {EB306CFA-461C-4AA7-A87D-2D839EEFC8CE}
	EndGlobalSection
EndGlobal
