
Microsoft Visual Studio Solution File, Format Version 12.00
# Visual Studio Version 17
VisualStudioVersion = 17.9.34728.123
MinimumVisualStudioVersion = 10.0.40219.1
Project("{FAE04EC0-301F-11D3-BF4B-00C04F79EFBC}") = "CSConsoleApp.LaboratoryWork-1-5-AreaOfTriangle", "CSConsoleApp.LaboratoryWork-1-5-AreaOfTriangle\CSConsoleApp.LaboratoryWork-1-5-AreaOfTriangle.csproj", "{A1176EC3-4101-4E82-96D7-03B5A3D402E2}"
EndProject
Global
	GlobalSection(SolutionConfigurationPlatforms) = preSolution
		Debug|Any CPU = Debug|Any CPU
		Release|Any CPU = Release|Any CPU
	EndGlobalSection
	GlobalSection(ProjectConfigurationPlatforms) = postSolution
		{A1176EC3-4101-4E82-96D7-03B5A3D402E2}.Debug|Any CPU.ActiveCfg = Debug|Any CPU
		{A1176EC3-4101-4E82-96D7-03B5A3D402E2}.Debug|Any CPU.Build.0 = Debug|Any CPU
		{A1176EC3-4101-4E82-96D7-03B5A3D402E2}.Release|Any CPU.ActiveCfg = Release|Any CPU
		{A1176EC3-4101-4E82-96D7-03B5A3D402E2}.Release|Any CPU.Build.0 = Release|Any CPU
	EndGlobalSection
	GlobalSection(SolutionProperties) = preSolution
		HideSolutionNode = FALSE
	EndGlobalSection
	GlobalSection(ExtensibilityGlobals) = postSolution
		SolutionGuid = {E07E7191-0CD8-4549-851B-572B272C6F31}
	EndGlobalSection
EndGlobal
