
Microsoft Visual Studio Solution File, Format Version 12.00
# Visual Studio Version 17
VisualStudioVersion = 17.9.34728.123
MinimumVisualStudioVersion = 10.0.40219.1
Project("{FAE04EC0-301F-11D3-BF4B-00C04F79EFBC}") = "CSConsoleApp.LaboratoryWork-2-1-Enum", "CSConsoleApp.LaboratoryWork-2-1-Enum.csproj", "{AC0A339E-06DE-4932-869D-0B1852F9272E}"
EndProject
Global
	GlobalSection(SolutionConfigurationPlatforms) = preSolution
		Debug|Any CPU = Debug|Any CPU
		Release|Any CPU = Release|Any CPU
	EndGlobalSection
	GlobalSection(ProjectConfigurationPlatforms) = postSolution
		{AC0A339E-06DE-4932-869D-0B1852F9272E}.Debug|Any CPU.ActiveCfg = Debug|Any CPU
		{AC0A339E-06DE-4932-869D-0B1852F9272E}.Debug|Any CPU.Build.0 = Debug|Any CPU
		{AC0A339E-06DE-4932-869D-0B1852F9272E}.Release|Any CPU.ActiveCfg = Release|Any CPU
		{AC0A339E-06DE-4932-869D-0B1852F9272E}.Release|Any CPU.Build.0 = Release|Any CPU
	EndGlobalSection
	GlobalSection(SolutionProperties) = preSolution
		HideSolutionNode = FALSE
	EndGlobalSection
	GlobalSection(ExtensibilityGlobals) = postSolution
		SolutionGuid = {EC6B262A-F673-4785-BF42-F23AF25FCC09}
	EndGlobalSection
EndGlobal
